
Microsoft Visual Studio Solution File, Format Version 12.00
# Visual Studio 14
VisualStudioVersion = 14.0.25420.1
MinimumVisualStudioVersion = 10.0.40219.1
Project("{FAE04EC0-301F-11D3-BF4B-00C04F79EFBC}") = "LinqToQuerystring", "LinqToQuerystring\LinqToQuerystring.csproj", "{7859C906-95D8-4322-AA44-BC854B065AEE}"
EndProject
Project("{2150E333-8FDC-42A3-9474-1A3956D46DE8}") = ".nuget", ".nuget", "{F5C6F2FB-E3FC-4787-B637-FC4AE2F70050}"
	ProjectSection(SolutionItems) = preProject
		.nuget\NuGet.Config = .nuget\NuGet.Config
		.nuget\NuGet.exe = .nuget\NuGet.exe
		.nuget\NuGet.targets = .nuget\NuGet.targets
	EndProjectSection
EndProject
Project("{2150E333-8FDC-42A3-9474-1A3956D46DE8}") = "Tests", "Tests", "{2313C896-8F93-46A4-9A5A-B148146256F3}"
EndProject
Project("{FAE04EC0-301F-11D3-BF4B-00C04F79EFBC}") = "LinqToQueryString.MsTests", "LinqToQueryString.MsTests\LinqToQueryString.MsTests.csproj", "{6C5B7B5A-373C-43F8-B815-C819D568632E}"
EndProject
Project("{FAE04EC0-301F-11D3-BF4B-00C04F79EFBC}") = "LinqToQueryString.Tests", "LinqToQueryString.Tests\LinqToQueryString.Tests.csproj", "{139B0E4C-BC18-4180-8863-FB248CFDA42E}"
EndProject
Project("{FAE04EC0-301F-11D3-BF4B-00C04F79EFBC}") = "LinqToQueryString.UnitTests", "LinqToQueryString.UnitTests\LinqToQueryString.UnitTests.csproj", "{B60C3B0C-CAD7-4ED2-A1DD-7A6482504F31}"
EndProject
Global
	GlobalSection(SolutionConfigurationPlatforms) = preSolution
		Debug|Any CPU = Debug|Any CPU
		Release|Any CPU = Release|Any CPU
	EndGlobalSection
	GlobalSection(ProjectConfigurationPlatforms) = postSolution
		{7859C906-95D8-4322-AA44-BC854B065AEE}.Debug|Any CPU.ActiveCfg = Debug|Any CPU
		{7859C906-95D8-4322-AA44-BC854B065AEE}.Debug|Any CPU.Build.0 = Debug|Any CPU
		{7859C906-95D8-4322-AA44-BC854B065AEE}.Release|Any CPU.ActiveCfg = Release|Any CPU
		{7859C906-95D8-4322-AA44-BC854B065AEE}.Release|Any CPU.Build.0 = Release|Any CPU
		{6C5B7B5A-373C-43F8-B815-C819D568632E}.Debug|Any CPU.ActiveCfg = Debug|Any CPU
		{6C5B7B5A-373C-43F8-B815-C819D568632E}.Debug|Any CPU.Build.0 = Debug|Any CPU
		{6C5B7B5A-373C-43F8-B815-C819D568632E}.Release|Any CPU.ActiveCfg = Release|Any CPU
		{6C5B7B5A-373C-43F8-B815-C819D568632E}.Release|Any CPU.Build.0 = Release|Any CPU
		{139B0E4C-BC18-4180-8863-FB248CFDA42E}.Debug|Any CPU.ActiveCfg = Debug|Any CPU
		{139B0E4C-BC18-4180-8863-FB248CFDA42E}.Debug|Any CPU.Build.0 = Debug|Any CPU
		{139B0E4C-BC18-4180-8863-FB248CFDA42E}.Release|Any CPU.ActiveCfg = Release|Any CPU
		{139B0E4C-BC18-4180-8863-FB248CFDA42E}.Release|Any CPU.Build.0 = Release|Any CPU
		{B60C3B0C-CAD7-4ED2-A1DD-7A6482504F31}.Debug|Any CPU.ActiveCfg = Debug|Any CPU
		{B60C3B0C-CAD7-4ED2-A1DD-7A6482504F31}.Debug|Any CPU.Build.0 = Debug|Any CPU
		{B60C3B0C-CAD7-4ED2-A1DD-7A6482504F31}.Release|Any CPU.ActiveCfg = Release|Any CPU
		{B60C3B0C-CAD7-4ED2-A1DD-7A6482504F31}.Release|Any CPU.Build.0 = Release|Any CPU
	EndGlobalSection
	GlobalSection(SolutionProperties) = preSolution
		HideSolutionNode = FALSE
	EndGlobalSection
	GlobalSection(NestedProjects) = preSolution
		{6C5B7B5A-373C-43F8-B815-C819D568632E} = {2313C896-8F93-46A4-9A5A-B148146256F3}
		{139B0E4C-BC18-4180-8863-FB248CFDA42E} = {2313C896-8F93-46A4-9A5A-B148146256F3}
		{B60C3B0C-CAD7-4ED2-A1DD-7A6482504F31} = {2313C896-8F93-46A4-9A5A-B148146256F3}
	EndGlobalSection
EndGlobal
